
Microsoft Visual Studio Solution File, Format Version 12.00
# Visual Studio Version 17
VisualStudioVersion = 17.3.32929.385
MinimumVisualStudioVersion = 10.0.40219.1
Project("{2150E333-8FDC-42A3-9474-1A3956D46DE8}") = "Server", "Server", "{F4C5E262-29D8-4B0D-8C89-E186AE5304CC}"
EndProject
Project("{2150E333-8FDC-42A3-9474-1A3956D46DE8}") = "Party", "Party", "{890F1A5F-00A3-4954-8E1C-803EFCE19D47}"
EndProject
Project("{2150E333-8FDC-42A3-9474-1A3956D46DE8}") = "Common", "Common", "{22A3CD70-2CF6-4422-8B67-66770BD875EB}"
EndProject
Project("{2150E333-8FDC-42A3-9474-1A3956D46DE8}") = "Accounting", "Accounting", "{1C919B98-CD0C-4029-BD6C-55F7F6B3415A}"
EndProject
Project("{9A19103F-16F7-4668-BE54-9A1E7A4F7556}") = "RGSL.Accounting.API", "Server\Accounting\RGSL.Accounting.API\RGSL.Accounting.API.csproj", "{BB2CC160-A3AE-4918-BD96-9C1BB41B7C17}"
EndProject
Project("{9A19103F-16F7-4668-BE54-9A1E7A4F7556}") = "RGSL.Accounting.ApplicationServices", "Server\Accounting\RGSL.Accounting.ApplicationService\RGSL.Accounting.ApplicationServices.csproj", "{A590D66B-0A9B-40ED-8EE6-38D45F0878A1}"
EndProject
Project("{9A19103F-16F7-4668-BE54-9A1E7A4F7556}") = "RGSL.Accounting.Domain", "Server\Accounting\RGSL.Accounting.Domain\RGSL.Accounting.Domain.csproj", "{5A064197-3202-48B8-8E8B-1E8F344360A0}"
EndProject
Project("{9A19103F-16F7-4668-BE54-9A1E7A4F7556}") = "RGSL.Accounting.Infrastructure", "Server\Accounting\RGSL.Accounting.Infrastructure\RGSL.Accounting.Infrastructure.csproj", "{E5271872-4051-4BE6-BA8C-DFA1B4D03066}"
EndProject
Project("{9A19103F-16F7-4668-BE54-9A1E7A4F7556}") = "RGSL.Accounting.Tests", "Server\Accounting\RGSL.Accounting.Tests\RGSL.Accounting.Tests.csproj", "{DC4B0B13-B0A0-47EF-9212-11E1B1860EE9}"
EndProject
Project("{9A19103F-16F7-4668-BE54-9A1E7A4F7556}") = "RGSL.Accounting.WebAPI", "Server\Accounting\RGSL.Accounting.WebAPI\RGSL.Accounting.WebAPI.csproj", "{2E4BBBEA-9E0F-46AA-A7F8-ECFB0766E4B1}"
EndProject
Project("{9A19103F-16F7-4668-BE54-9A1E7A4F7556}") = "RGSL.Common.API", "Server\Common\RGSL.Common.API\RGSL.Common.API.csproj", "{7053EABC-EBAB-4754-A394-EAAA42209BA2}"
EndProject
Project("{9A19103F-16F7-4668-BE54-9A1E7A4F7556}") = "RGSL.Common.ApplicationServices", "Server\Common\RGSL.Common.ApplicationService\RGSL.Common.ApplicationServices.csproj", "{0476F7B5-1429-44B5-9D8E-1975D68F84C7}"
EndProject
Project("{9A19103F-16F7-4668-BE54-9A1E7A4F7556}") = "RGSL.Common.WebAPI", "Server\Common\RGSL.Common.WebAPI\RGSL.Common.WebAPI.csproj", "{8F42B6C3-8F6A-483D-B244-1E90DDEB8E07}"
EndProject
Project("{9A19103F-16F7-4668-BE54-9A1E7A4F7556}") = "RGSL.Common.Infrastructure", "Server\Common\RGSL.Common.Infrastructure\RGSL.Common.Infrastructure.csproj", "{19FA79E7-0F2D-4323-A5A1-2B858241693C}"
EndProject
Project("{9A19103F-16F7-4668-BE54-9A1E7A4F7556}") = "RGSL.Common.Domain", "Server\Common\RGSL.Common.Domain\RGSL.Common.Domain.csproj", "{E9AE0C80-47E4-4101-B2E1-7E09080B0349}"
EndProject
Project("{2150E333-8FDC-42A3-9474-1A3956D46DE8}") = "MockServices", "MockServices", "{6BA3CB6A-EF76-4773-8EE6-8B70B00195AE}"
EndProject
Project("{9A19103F-16F7-4668-BE54-9A1E7A4F7556}") = "RGSL.MockServices.WebAPI", "Server\MockServices\RGSL.MockServices.WebAPI\RGSL.MockServices.WebAPI.csproj", "{BE8E5978-1724-4A44-AAEF-F9AAE04C8994}"
EndProject
Project("{2150E333-8FDC-42A3-9474-1A3956D46DE8}") = "PAS", "PAS", "{122ECD58-EB10-4EE2-9905-49150125057D}"
EndProject
Project("{9A19103F-16F7-4668-BE54-9A1E7A4F7556}") = "RGSL.PAS.API", "Server\PAS\RGSL.PAS.API\RGSL.PAS.API.csproj", "{DD75F5DB-A55D-4FB0-AA32-1DBEF279C2F4}"
EndProject
Project("{9A19103F-16F7-4668-BE54-9A1E7A4F7556}") = "RGSL.PAS.ApplicationServices", "Server\PAS\RGSL.PAS.ApplicationServices\RGSL.PAS.ApplicationServices.csproj", "{77D9C3B0-9940-41D5-9B7C-4BC6A522B61A}"
EndProject
Project("{9A19103F-16F7-4668-BE54-9A1E7A4F7556}") = "RGSL.PAS.Infrastructure", "Server\PAS\RGSL.PAS.Infrastructure\RGSL.PAS.Infrastructure.csproj", "{3D2CBD87-F59F-40B0-A3ED-F2EB244B91A6}"
EndProject
Project("{9A19103F-16F7-4668-BE54-9A1E7A4F7556}") = "RGSL.PAS.WebAPI", "Server\PAS\RGSL.PAS.WebAPI\RGSL.PAS.WebAPI.csproj", "{5FF44D01-6977-4E70-A4B4-A892A5BFDB38}"
EndProject
Project("{9A19103F-16F7-4668-BE54-9A1E7A4F7556}") = "RGSL.PAS.Domain", "Server\PAS\RGSL.PAS.Domain\RGSL.PAS.Domain.csproj", "{6F84D3AE-C342-49B1-91D3-81E18BA2AA44}"
EndProject
Project("{9A19103F-16F7-4668-BE54-9A1E7A4F7556}") = "RGSL.Party.API", "Server\Party\RGSL.Party.API\RGSL.Party.API.csproj", "{834E2D77-201B-4502-9DF8-B955147B2594}"
EndProject
Project("{9A19103F-16F7-4668-BE54-9A1E7A4F7556}") = "RGSL.Party.ApplicationServices", "Server\Party\RGSL.Party.ApplicationService\RGSL.Party.ApplicationServices.csproj", "{00076BB5-011F-45F3-A4FA-2A42EE8B41A8}"
EndProject
Project("{9A19103F-16F7-4668-BE54-9A1E7A4F7556}") = "RGSL.Party.Domain", "Server\Party\RGSL.Party.Domain\RGSL.Party.Domain.csproj", "{3FE08DAC-0664-4FC6-8995-F00E531F661D}"
EndProject
Project("{9A19103F-16F7-4668-BE54-9A1E7A4F7556}") = "RGSL.Party.Infrastructure", "Server\Party\RGSL.Party.Infrastructure\RGSL.Party.Infrastructure.csproj", "{5D6EEEF0-20AB-41AD-B017-85CF2710DD97}"
EndProject
Project("{9A19103F-16F7-4668-BE54-9A1E7A4F7556}") = "RGSL.Party.WebAPI", "Server\Party\RGSL.Party.WebAPI\RGSL.Party.WebAPI.csproj", "{9411D348-3E4A-420E-879C-969217B23CFB}"
EndProject
Project("{9A19103F-16F7-4668-BE54-9A1E7A4F7556}") = "RGSL.Bootstrapper", "Server\RGSL.Bootstrapper\RGSL.Bootstrapper.csproj", "{BB5BDE5B-777E-4F9A-8EE8-2029930418F3}"
EndProject
Project("{9A19103F-16F7-4668-BE54-9A1E7A4F7556}") = "RGSL.Tests", "Server\RGSL.Tests\RGSL.Tests.csproj", "{4AE4F9D5-9A50-4F33-A2A8-6F03E3DB76EF}"
EndProject
Project("{2150E333-8FDC-42A3-9474-1A3956D46DE8}") = "Framework", "Framework", "{E4317296-8E74-463B-BD42-149A2967AB32}"
EndProject
Project("{9A19103F-16F7-4668-BE54-9A1E7A4F7556}") = "RGSL.Framework.API", "Server\Framework\RGSL.Framework.API\RGSL.Framework.API.csproj", "{5A83C64D-2F10-478B-8D51-6DC02CB7438B}"
EndProject
Project("{9A19103F-16F7-4668-BE54-9A1E7A4F7556}") = "RGSL.Framework.ApplicationServices", "Server\Framework\RGSL.Framework.ApplicationServices\RGSL.Framework.ApplicationServices.csproj", "{5B1D1CAC-6858-434D-B1C9-4C2A63B9246E}"
EndProject
Project("{9A19103F-16F7-4668-BE54-9A1E7A4F7556}") = "RGSL.Framework.Domain", "Server\Framework\RGSL.Framework.Domain\RGSL.Framework.Domain.csproj", "{118B1CDC-B52C-4112-83DB-BB5D863F9C7A}"
EndProject
Project("{9A19103F-16F7-4668-BE54-9A1E7A4F7556}") = "RGSL.Framework.Infrastructure", "Server\Framework\RGSL.Framework.Infrastructure\RGSL.Framework.Infrastructure.csproj", "{68559004-4A74-4190-B801-4EB89F03958B}"
EndProject
Project("{9A19103F-16F7-4668-BE54-9A1E7A4F7556}") = "RGSL.Framework.WebAPI", "Server\Framework\RGSL.Framework.WebAPI\RGSL.Framework.WebAPI.csproj", "{CF1B5598-14F3-4E6A-B9C9-0043F53796DF}"
EndProject
Project("{9A19103F-16F7-4668-BE54-9A1E7A4F7556}") = "RGSL.Common.Tests", "Server\Common\RGSL.Common.Tests\RGSL.Common.Tests.csproj", "{03228151-8CA5-47D5-9E50-3D3AD8574B80}"
EndProject
Project("{2150E333-8FDC-42A3-9474-1A3956D46DE8}") = "ORG", "ORG", "{FDF477DA-E410-4B34-92C2-4CBC77350DB2}"
EndProject
Project("{9A19103F-16F7-4668-BE54-9A1E7A4F7556}") = "RGSL.ORG.API", "Server\ORG\RGSL.ORG.API\RGSL.ORG.API.csproj", "{A0E8C780-86F1-4046-93FB-FC6FA47B3767}"
EndProject
Project("{9A19103F-16F7-4668-BE54-9A1E7A4F7556}") = "RGSL.ORG.Domain", "Server\ORG\RGSL.ORG.Domain\RGSL.ORG.Domain.csproj", "{6E3D5767-5B37-47F4-9A13-167D932B4542}"
EndProject
Project("{9A19103F-16F7-4668-BE54-9A1E7A4F7556}") = "RGSL.ORG.Infrastructure", "Server\ORG\RGSL.ORG.Infrastructure\RGSL.ORG.Infrastructure.csproj", "{B5A1A80C-8B8E-424C-8D88-28C4FD43DFBD}"
EndProject
Project("{9A19103F-16F7-4668-BE54-9A1E7A4F7556}") = "RGSL.ORG.WebAPI", "Server\ORG\RGSL.ORG.WebAPI\RGSL.ORG.WebAPI.csproj", "{D2555A72-71AD-436E-AA40-FF6257646B4A}"
EndProject
Project("{9A19103F-16F7-4668-BE54-9A1E7A4F7556}") = "RGSL.ORG.ApplicationServices", "Server\ORG\RGSL.ORG.ApplicationServices\RGSL.ORG.ApplicationServices.csproj", "{0C742E17-3A4A-4A06-B18F-5135D0A256E1}"
EndProject
Project("{2150E333-8FDC-42A3-9474-1A3956D46DE8}") = "Claims", "Claims", "{7DF6DB73-1CAD-4C1B-88A9-59A0A8B9F7D8}"
EndProject
Project("{9A19103F-16F7-4668-BE54-9A1E7A4F7556}") = "RGSL.Claims.API", "Server\Claims\RGSL.Claims.API\RGSL.Claims.API.csproj", "{929547BE-CC84-4715-9CDB-D957F7B344AA}"
EndProject
Project("{9A19103F-16F7-4668-BE54-9A1E7A4F7556}") = "RGSL.Claims.ApplicationServices", "Server\Claims\RGSL.Claims.ApplicationServices\RGSL.Claims.ApplicationServices.csproj", "{0E49FBDC-B675-48EC-B532-AF74229978CF}"
EndProject
Project("{9A19103F-16F7-4668-BE54-9A1E7A4F7556}") = "RGSL.Claims.Infrastructure", "Server\Claims\RGSL.Claims.Infrastructure\RGSL.Claims.Infrastructure.csproj", "{E6F79E46-45C3-41F2-8A05-8A30274DB97C}"
EndProject
Project("{9A19103F-16F7-4668-BE54-9A1E7A4F7556}") = "RGSL.Claims.Domain", "Server\Claims\RGSL.Claims.Domain\RGSL.Claims.Domain.csproj", "{A032B1B2-C239-447E-96E7-06E91C4663DE}"
EndProject
Project("{FAE04EC0-301F-11D3-BF4B-00C04F79EFBC}") = "RGSL.PAS.Tests", "Server\PAS\RGSL.PAS.Tests\RGSL.PAS.Tests.csproj", "{2095E219-11C6-4DBE-87CC-0EE4F752EF3C}"
EndProject
Global
	GlobalSection(SolutionConfigurationPlatforms) = preSolution
		Debug|Any CPU = Debug|Any CPU
		Release|Any CPU = Release|Any CPU
	EndGlobalSection
	GlobalSection(ProjectConfigurationPlatforms) = postSolution
		{BB2CC160-A3AE-4918-BD96-9C1BB41B7C17}.Debug|Any CPU.ActiveCfg = Debug|Any CPU
		{BB2CC160-A3AE-4918-BD96-9C1BB41B7C17}.Debug|Any CPU.Build.0 = Debug|Any CPU
		{BB2CC160-A3AE-4918-BD96-9C1BB41B7C17}.Release|Any CPU.ActiveCfg = Release|Any CPU
		{BB2CC160-A3AE-4918-BD96-9C1BB41B7C17}.Release|Any CPU.Build.0 = Release|Any CPU
		{A590D66B-0A9B-40ED-8EE6-38D45F0878A1}.Debug|Any CPU.ActiveCfg = Debug|Any CPU
		{A590D66B-0A9B-40ED-8EE6-38D45F0878A1}.Debug|Any CPU.Build.0 = Debug|Any CPU
		{A590D66B-0A9B-40ED-8EE6-38D45F0878A1}.Release|Any CPU.ActiveCfg = Release|Any CPU
		{A590D66B-0A9B-40ED-8EE6-38D45F0878A1}.Release|Any CPU.Build.0 = Release|Any CPU
		{5A064197-3202-48B8-8E8B-1E8F344360A0}.Debug|Any CPU.ActiveCfg = Debug|Any CPU
		{5A064197-3202-48B8-8E8B-1E8F344360A0}.Debug|Any CPU.Build.0 = Debug|Any CPU
		{5A064197-3202-48B8-8E8B-1E8F344360A0}.Release|Any CPU.ActiveCfg = Release|Any CPU
		{5A064197-3202-48B8-8E8B-1E8F344360A0}.Release|Any CPU.Build.0 = Release|Any CPU
		{E5271872-4051-4BE6-BA8C-DFA1B4D03066}.Debug|Any CPU.ActiveCfg = Debug|Any CPU
		{E5271872-4051-4BE6-BA8C-DFA1B4D03066}.Debug|Any CPU.Build.0 = Debug|Any CPU
		{E5271872-4051-4BE6-BA8C-DFA1B4D03066}.Release|Any CPU.ActiveCfg = Release|Any CPU
		{E5271872-4051-4BE6-BA8C-DFA1B4D03066}.Release|Any CPU.Build.0 = Release|Any CPU
		{DC4B0B13-B0A0-47EF-9212-11E1B1860EE9}.Debug|Any CPU.ActiveCfg = Debug|Any CPU
		{DC4B0B13-B0A0-47EF-9212-11E1B1860EE9}.Debug|Any CPU.Build.0 = Debug|Any CPU
		{DC4B0B13-B0A0-47EF-9212-11E1B1860EE9}.Release|Any CPU.ActiveCfg = Release|Any CPU
		{DC4B0B13-B0A0-47EF-9212-11E1B1860EE9}.Release|Any CPU.Build.0 = Release|Any CPU
		{2E4BBBEA-9E0F-46AA-A7F8-ECFB0766E4B1}.Debug|Any CPU.ActiveCfg = Debug|Any CPU
		{2E4BBBEA-9E0F-46AA-A7F8-ECFB0766E4B1}.Debug|Any CPU.Build.0 = Debug|Any CPU
		{2E4BBBEA-9E0F-46AA-A7F8-ECFB0766E4B1}.Release|Any CPU.ActiveCfg = Release|Any CPU
		{2E4BBBEA-9E0F-46AA-A7F8-ECFB0766E4B1}.Release|Any CPU.Build.0 = Release|Any CPU
		{7053EABC-EBAB-4754-A394-EAAA42209BA2}.Debug|Any CPU.ActiveCfg = Debug|Any CPU
		{7053EABC-EBAB-4754-A394-EAAA42209BA2}.Debug|Any CPU.Build.0 = Debug|Any CPU
		{7053EABC-EBAB-4754-A394-EAAA42209BA2}.Release|Any CPU.ActiveCfg = Release|Any CPU
		{7053EABC-EBAB-4754-A394-EAAA42209BA2}.Release|Any CPU.Build.0 = Release|Any CPU
		{0476F7B5-1429-44B5-9D8E-1975D68F84C7}.Debug|Any CPU.ActiveCfg = Debug|Any CPU
		{0476F7B5-1429-44B5-9D8E-1975D68F84C7}.Debug|Any CPU.Build.0 = Debug|Any CPU
		{0476F7B5-1429-44B5-9D8E-1975D68F84C7}.Release|Any CPU.ActiveCfg = Release|Any CPU
		{0476F7B5-1429-44B5-9D8E-1975D68F84C7}.Release|Any CPU.Build.0 = Release|Any CPU
		{8F42B6C3-8F6A-483D-B244-1E90DDEB8E07}.Debug|Any CPU.ActiveCfg = Debug|Any CPU
		{8F42B6C3-8F6A-483D-B244-1E90DDEB8E07}.Debug|Any CPU.Build.0 = Debug|Any CPU
		{8F42B6C3-8F6A-483D-B244-1E90DDEB8E07}.Release|Any CPU.ActiveCfg = Release|Any CPU
		{8F42B6C3-8F6A-483D-B244-1E90DDEB8E07}.Release|Any CPU.Build.0 = Release|Any CPU
		{19FA79E7-0F2D-4323-A5A1-2B858241693C}.Debug|Any CPU.ActiveCfg = Debug|Any CPU
		{19FA79E7-0F2D-4323-A5A1-2B858241693C}.Debug|Any CPU.Build.0 = Debug|Any CPU
		{19FA79E7-0F2D-4323-A5A1-2B858241693C}.Release|Any CPU.ActiveCfg = Release|Any CPU
		{19FA79E7-0F2D-4323-A5A1-2B858241693C}.Release|Any CPU.Build.0 = Release|Any CPU
		{E9AE0C80-47E4-4101-B2E1-7E09080B0349}.Debug|Any CPU.ActiveCfg = Debug|Any CPU
		{E9AE0C80-47E4-4101-B2E1-7E09080B0349}.Debug|Any CPU.Build.0 = Debug|Any CPU
		{E9AE0C80-47E4-4101-B2E1-7E09080B0349}.Release|Any CPU.ActiveCfg = Release|Any CPU
		{E9AE0C80-47E4-4101-B2E1-7E09080B0349}.Release|Any CPU.Build.0 = Release|Any CPU
		{BE8E5978-1724-4A44-AAEF-F9AAE04C8994}.Debug|Any CPU.ActiveCfg = Debug|Any CPU
		{BE8E5978-1724-4A44-AAEF-F9AAE04C8994}.Debug|Any CPU.Build.0 = Debug|Any CPU
		{BE8E5978-1724-4A44-AAEF-F9AAE04C8994}.Release|Any CPU.ActiveCfg = Release|Any CPU
		{BE8E5978-1724-4A44-AAEF-F9AAE04C8994}.Release|Any CPU.Build.0 = Release|Any CPU
		{DD75F5DB-A55D-4FB0-AA32-1DBEF279C2F4}.Debug|Any CPU.ActiveCfg = Debug|Any CPU
		{DD75F5DB-A55D-4FB0-AA32-1DBEF279C2F4}.Debug|Any CPU.Build.0 = Debug|Any CPU
		{DD75F5DB-A55D-4FB0-AA32-1DBEF279C2F4}.Release|Any CPU.ActiveCfg = Release|Any CPU
		{DD75F5DB-A55D-4FB0-AA32-1DBEF279C2F4}.Release|Any CPU.Build.0 = Release|Any CPU
		{77D9C3B0-9940-41D5-9B7C-4BC6A522B61A}.Debug|Any CPU.ActiveCfg = Debug|Any CPU
		{77D9C3B0-9940-41D5-9B7C-4BC6A522B61A}.Debug|Any CPU.Build.0 = Debug|Any CPU
		{77D9C3B0-9940-41D5-9B7C-4BC6A522B61A}.Release|Any CPU.ActiveCfg = Release|Any CPU
		{77D9C3B0-9940-41D5-9B7C-4BC6A522B61A}.Release|Any CPU.Build.0 = Release|Any CPU
		{3D2CBD87-F59F-40B0-A3ED-F2EB244B91A6}.Debug|Any CPU.ActiveCfg = Debug|Any CPU
		{3D2CBD87-F59F-40B0-A3ED-F2EB244B91A6}.Debug|Any CPU.Build.0 = Debug|Any CPU
		{3D2CBD87-F59F-40B0-A3ED-F2EB244B91A6}.Release|Any CPU.ActiveCfg = Release|Any CPU
		{3D2CBD87-F59F-40B0-A3ED-F2EB244B91A6}.Release|Any CPU.Build.0 = Release|Any CPU
		{5FF44D01-6977-4E70-A4B4-A892A5BFDB38}.Debug|Any CPU.ActiveCfg = Debug|Any CPU
		{5FF44D01-6977-4E70-A4B4-A892A5BFDB38}.Debug|Any CPU.Build.0 = Debug|Any CPU
		{5FF44D01-6977-4E70-A4B4-A892A5BFDB38}.Release|Any CPU.ActiveCfg = Release|Any CPU
		{5FF44D01-6977-4E70-A4B4-A892A5BFDB38}.Release|Any CPU.Build.0 = Release|Any CPU
		{6F84D3AE-C342-49B1-91D3-81E18BA2AA44}.Debug|Any CPU.ActiveCfg = Debug|Any CPU
		{6F84D3AE-C342-49B1-91D3-81E18BA2AA44}.Debug|Any CPU.Build.0 = Debug|Any CPU
		{6F84D3AE-C342-49B1-91D3-81E18BA2AA44}.Release|Any CPU.ActiveCfg = Release|Any CPU
		{6F84D3AE-C342-49B1-91D3-81E18BA2AA44}.Release|Any CPU.Build.0 = Release|Any CPU
		{834E2D77-201B-4502-9DF8-B955147B2594}.Debug|Any CPU.ActiveCfg = Debug|Any CPU
		{834E2D77-201B-4502-9DF8-B955147B2594}.Debug|Any CPU.Build.0 = Debug|Any CPU
		{834E2D77-201B-4502-9DF8-B955147B2594}.Release|Any CPU.ActiveCfg = Release|Any CPU
		{834E2D77-201B-4502-9DF8-B955147B2594}.Release|Any CPU.Build.0 = Release|Any CPU
		{00076BB5-011F-45F3-A4FA-2A42EE8B41A8}.Debug|Any CPU.ActiveCfg = Debug|Any CPU
		{00076BB5-011F-45F3-A4FA-2A42EE8B41A8}.Debug|Any CPU.Build.0 = Debug|Any CPU
		{00076BB5-011F-45F3-A4FA-2A42EE8B41A8}.Release|Any CPU.ActiveCfg = Release|Any CPU
		{00076BB5-011F-45F3-A4FA-2A42EE8B41A8}.Release|Any CPU.Build.0 = Release|Any CPU
		{3FE08DAC-0664-4FC6-8995-F00E531F661D}.Debug|Any CPU.ActiveCfg = Debug|Any CPU
		{3FE08DAC-0664-4FC6-8995-F00E531F661D}.Debug|Any CPU.Build.0 = Debug|Any CPU
		{3FE08DAC-0664-4FC6-8995-F00E531F661D}.Release|Any CPU.ActiveCfg = Release|Any CPU
		{3FE08DAC-0664-4FC6-8995-F00E531F661D}.Release|Any CPU.Build.0 = Release|Any CPU
		{5D6EEEF0-20AB-41AD-B017-85CF2710DD97}.Debug|Any CPU.ActiveCfg = Debug|Any CPU
		{5D6EEEF0-20AB-41AD-B017-85CF2710DD97}.Debug|Any CPU.Build.0 = Debug|Any CPU
		{5D6EEEF0-20AB-41AD-B017-85CF2710DD97}.Release|Any CPU.ActiveCfg = Release|Any CPU
		{5D6EEEF0-20AB-41AD-B017-85CF2710DD97}.Release|Any CPU.Build.0 = Release|Any CPU
		{9411D348-3E4A-420E-879C-969217B23CFB}.Debug|Any CPU.ActiveCfg = Debug|Any CPU
		{9411D348-3E4A-420E-879C-969217B23CFB}.Debug|Any CPU.Build.0 = Debug|Any CPU
		{9411D348-3E4A-420E-879C-969217B23CFB}.Release|Any CPU.ActiveCfg = Release|Any CPU
		{9411D348-3E4A-420E-879C-969217B23CFB}.Release|Any CPU.Build.0 = Release|Any CPU
		{BB5BDE5B-777E-4F9A-8EE8-2029930418F3}.Debug|Any CPU.ActiveCfg = Debug|Any CPU
		{BB5BDE5B-777E-4F9A-8EE8-2029930418F3}.Debug|Any CPU.Build.0 = Debug|Any CPU
		{BB5BDE5B-777E-4F9A-8EE8-2029930418F3}.Release|Any CPU.ActiveCfg = Release|Any CPU
		{BB5BDE5B-777E-4F9A-8EE8-2029930418F3}.Release|Any CPU.Build.0 = Release|Any CPU
		{4AE4F9D5-9A50-4F33-A2A8-6F03E3DB76EF}.Debug|Any CPU.ActiveCfg = Debug|Any CPU
		{4AE4F9D5-9A50-4F33-A2A8-6F03E3DB76EF}.Debug|Any CPU.Build.0 = Debug|Any CPU
		{4AE4F9D5-9A50-4F33-A2A8-6F03E3DB76EF}.Release|Any CPU.ActiveCfg = Release|Any CPU
		{4AE4F9D5-9A50-4F33-A2A8-6F03E3DB76EF}.Release|Any CPU.Build.0 = Release|Any CPU
		{5A83C64D-2F10-478B-8D51-6DC02CB7438B}.Debug|Any CPU.ActiveCfg = Debug|Any CPU
		{5A83C64D-2F10-478B-8D51-6DC02CB7438B}.Debug|Any CPU.Build.0 = Debug|Any CPU
		{5A83C64D-2F10-478B-8D51-6DC02CB7438B}.Release|Any CPU.ActiveCfg = Release|Any CPU
		{5A83C64D-2F10-478B-8D51-6DC02CB7438B}.Release|Any CPU.Build.0 = Release|Any CPU
		{5B1D1CAC-6858-434D-B1C9-4C2A63B9246E}.Debug|Any CPU.ActiveCfg = Debug|Any CPU
		{5B1D1CAC-6858-434D-B1C9-4C2A63B9246E}.Debug|Any CPU.Build.0 = Debug|Any CPU
		{5B1D1CAC-6858-434D-B1C9-4C2A63B9246E}.Release|Any CPU.ActiveCfg = Release|Any CPU
		{5B1D1CAC-6858-434D-B1C9-4C2A63B9246E}.Release|Any CPU.Build.0 = Release|Any CPU
		{118B1CDC-B52C-4112-83DB-BB5D863F9C7A}.Debug|Any CPU.ActiveCfg = Debug|Any CPU
		{118B1CDC-B52C-4112-83DB-BB5D863F9C7A}.Debug|Any CPU.Build.0 = Debug|Any CPU
		{118B1CDC-B52C-4112-83DB-BB5D863F9C7A}.Release|Any CPU.ActiveCfg = Release|Any CPU
		{118B1CDC-B52C-4112-83DB-BB5D863F9C7A}.Release|Any CPU.Build.0 = Release|Any CPU
		{68559004-4A74-4190-B801-4EB89F03958B}.Debug|Any CPU.ActiveCfg = Debug|Any CPU
		{68559004-4A74-4190-B801-4EB89F03958B}.Debug|Any CPU.Build.0 = Debug|Any CPU
		{68559004-4A74-4190-B801-4EB89F03958B}.Release|Any CPU.ActiveCfg = Release|Any CPU
		{68559004-4A74-4190-B801-4EB89F03958B}.Release|Any CPU.Build.0 = Release|Any CPU
		{CF1B5598-14F3-4E6A-B9C9-0043F53796DF}.Debug|Any CPU.ActiveCfg = Debug|Any CPU
		{CF1B5598-14F3-4E6A-B9C9-0043F53796DF}.Debug|Any CPU.Build.0 = Debug|Any CPU
		{CF1B5598-14F3-4E6A-B9C9-0043F53796DF}.Release|Any CPU.ActiveCfg = Release|Any CPU
		{CF1B5598-14F3-4E6A-B9C9-0043F53796DF}.Release|Any CPU.Build.0 = Release|Any CPU
		{03228151-8CA5-47D5-9E50-3D3AD8574B80}.Debug|Any CPU.ActiveCfg = Debug|Any CPU
		{03228151-8CA5-47D5-9E50-3D3AD8574B80}.Debug|Any CPU.Build.0 = Debug|Any CPU
		{03228151-8CA5-47D5-9E50-3D3AD8574B80}.Release|Any CPU.ActiveCfg = Release|Any CPU
		{03228151-8CA5-47D5-9E50-3D3AD8574B80}.Release|Any CPU.Build.0 = Release|Any CPU
		{A0E8C780-86F1-4046-93FB-FC6FA47B3767}.Debug|Any CPU.ActiveCfg = Debug|Any CPU
		{A0E8C780-86F1-4046-93FB-FC6FA47B3767}.Debug|Any CPU.Build.0 = Debug|Any CPU
		{A0E8C780-86F1-4046-93FB-FC6FA47B3767}.Release|Any CPU.ActiveCfg = Release|Any CPU
		{A0E8C780-86F1-4046-93FB-FC6FA47B3767}.Release|Any CPU.Build.0 = Release|Any CPU
		{6E3D5767-5B37-47F4-9A13-167D932B4542}.Debug|Any CPU.ActiveCfg = Debug|Any CPU
		{6E3D5767-5B37-47F4-9A13-167D932B4542}.Debug|Any CPU.Build.0 = Debug|Any CPU
		{6E3D5767-5B37-47F4-9A13-167D932B4542}.Release|Any CPU.ActiveCfg = Release|Any CPU
		{6E3D5767-5B37-47F4-9A13-167D932B4542}.Release|Any CPU.Build.0 = Release|Any CPU
		{B5A1A80C-8B8E-424C-8D88-28C4FD43DFBD}.Debug|Any CPU.ActiveCfg = Debug|Any CPU
		{B5A1A80C-8B8E-424C-8D88-28C4FD43DFBD}.Debug|Any CPU.Build.0 = Debug|Any CPU
		{B5A1A80C-8B8E-424C-8D88-28C4FD43DFBD}.Release|Any CPU.ActiveCfg = Release|Any CPU
		{B5A1A80C-8B8E-424C-8D88-28C4FD43DFBD}.Release|Any CPU.Build.0 = Release|Any CPU
		{D2555A72-71AD-436E-AA40-FF6257646B4A}.Debug|Any CPU.ActiveCfg = Debug|Any CPU
		{D2555A72-71AD-436E-AA40-FF6257646B4A}.Debug|Any CPU.Build.0 = Debug|Any CPU
		{D2555A72-71AD-436E-AA40-FF6257646B4A}.Release|Any CPU.ActiveCfg = Release|Any CPU
		{D2555A72-71AD-436E-AA40-FF6257646B4A}.Release|Any CPU.Build.0 = Release|Any CPU
		{0C742E17-3A4A-4A06-B18F-5135D0A256E1}.Debug|Any CPU.ActiveCfg = Debug|Any CPU
		{0C742E17-3A4A-4A06-B18F-5135D0A256E1}.Debug|Any CPU.Build.0 = Debug|Any CPU
		{0C742E17-3A4A-4A06-B18F-5135D0A256E1}.Release|Any CPU.ActiveCfg = Release|Any CPU
		{0C742E17-3A4A-4A06-B18F-5135D0A256E1}.Release|Any CPU.Build.0 = Release|Any CPU
		{929547BE-CC84-4715-9CDB-D957F7B344AA}.Debug|Any CPU.ActiveCfg = Debug|Any CPU
		{929547BE-CC84-4715-9CDB-D957F7B344AA}.Debug|Any CPU.Build.0 = Debug|Any CPU
		{929547BE-CC84-4715-9CDB-D957F7B344AA}.Release|Any CPU.ActiveCfg = Release|Any CPU
		{929547BE-CC84-4715-9CDB-D957F7B344AA}.Release|Any CPU.Build.0 = Release|Any CPU
		{0E49FBDC-B675-48EC-B532-AF74229978CF}.Debug|Any CPU.ActiveCfg = Debug|Any CPU
		{0E49FBDC-B675-48EC-B532-AF74229978CF}.Debug|Any CPU.Build.0 = Debug|Any CPU
		{0E49FBDC-B675-48EC-B532-AF74229978CF}.Release|Any CPU.ActiveCfg = Release|Any CPU
		{0E49FBDC-B675-48EC-B532-AF74229978CF}.Release|Any CPU.Build.0 = Release|Any CPU
		{E6F79E46-45C3-41F2-8A05-8A30274DB97C}.Debug|Any CPU.ActiveCfg = Debug|Any CPU
		{E6F79E46-45C3-41F2-8A05-8A30274DB97C}.Debug|Any CPU.Build.0 = Debug|Any CPU
		{E6F79E46-45C3-41F2-8A05-8A30274DB97C}.Release|Any CPU.ActiveCfg = Release|Any CPU
		{E6F79E46-45C3-41F2-8A05-8A30274DB97C}.Release|Any CPU.Build.0 = Release|Any CPU
		{A032B1B2-C239-447E-96E7-06E91C4663DE}.Debug|Any CPU.ActiveCfg = Debug|Any CPU
		{A032B1B2-C239-447E-96E7-06E91C4663DE}.Debug|Any CPU.Build.0 = Debug|Any CPU
		{A032B1B2-C239-447E-96E7-06E91C4663DE}.Release|Any CPU.ActiveCfg = Release|Any CPU
		{A032B1B2-C239-447E-96E7-06E91C4663DE}.Release|Any CPU.Build.0 = Release|Any CPU
		{2095E219-11C6-4DBE-87CC-0EE4F752EF3C}.Debug|Any CPU.ActiveCfg = Debug|Any CPU
		{2095E219-11C6-4DBE-87CC-0EE4F752EF3C}.Debug|Any CPU.Build.0 = Debug|Any CPU
		{2095E219-11C6-4DBE-87CC-0EE4F752EF3C}.Release|Any CPU.ActiveCfg = Release|Any CPU
		{2095E219-11C6-4DBE-87CC-0EE4F752EF3C}.Release|Any CPU.Build.0 = Release|Any CPU
	EndGlobalSection
	GlobalSection(SolutionProperties) = preSolution
		HideSolutionNode = FALSE
	EndGlobalSection
	GlobalSection(NestedProjects) = preSolution
		{890F1A5F-00A3-4954-8E1C-803EFCE19D47} = {F4C5E262-29D8-4B0D-8C89-E186AE5304CC}
		{22A3CD70-2CF6-4422-8B67-66770BD875EB} = {F4C5E262-29D8-4B0D-8C89-E186AE5304CC}
		{1C919B98-CD0C-4029-BD6C-55F7F6B3415A} = {F4C5E262-29D8-4B0D-8C89-E186AE5304CC}
		{BB2CC160-A3AE-4918-BD96-9C1BB41B7C17} = {1C919B98-CD0C-4029-BD6C-55F7F6B3415A}
		{A590D66B-0A9B-40ED-8EE6-38D45F0878A1} = {1C919B98-CD0C-4029-BD6C-55F7F6B3415A}
		{5A064197-3202-48B8-8E8B-1E8F344360A0} = {1C919B98-CD0C-4029-BD6C-55F7F6B3415A}
		{E5271872-4051-4BE6-BA8C-DFA1B4D03066} = {1C919B98-CD0C-4029-BD6C-55F7F6B3415A}
		{DC4B0B13-B0A0-47EF-9212-11E1B1860EE9} = {1C919B98-CD0C-4029-BD6C-55F7F6B3415A}
		{2E4BBBEA-9E0F-46AA-A7F8-ECFB0766E4B1} = {1C919B98-CD0C-4029-BD6C-55F7F6B3415A}
		{7053EABC-EBAB-4754-A394-EAAA42209BA2} = {22A3CD70-2CF6-4422-8B67-66770BD875EB}
		{0476F7B5-1429-44B5-9D8E-1975D68F84C7} = {22A3CD70-2CF6-4422-8B67-66770BD875EB}
		{8F42B6C3-8F6A-483D-B244-1E90DDEB8E07} = {22A3CD70-2CF6-4422-8B67-66770BD875EB}
		{19FA79E7-0F2D-4323-A5A1-2B858241693C} = {22A3CD70-2CF6-4422-8B67-66770BD875EB}
		{E9AE0C80-47E4-4101-B2E1-7E09080B0349} = {22A3CD70-2CF6-4422-8B67-66770BD875EB}
		{6BA3CB6A-EF76-4773-8EE6-8B70B00195AE} = {F4C5E262-29D8-4B0D-8C89-E186AE5304CC}
		{BE8E5978-1724-4A44-AAEF-F9AAE04C8994} = {6BA3CB6A-EF76-4773-8EE6-8B70B00195AE}
		{122ECD58-EB10-4EE2-9905-49150125057D} = {F4C5E262-29D8-4B0D-8C89-E186AE5304CC}
		{DD75F5DB-A55D-4FB0-AA32-1DBEF279C2F4} = {122ECD58-EB10-4EE2-9905-49150125057D}
		{77D9C3B0-9940-41D5-9B7C-4BC6A522B61A} = {122ECD58-EB10-4EE2-9905-49150125057D}
		{3D2CBD87-F59F-40B0-A3ED-F2EB244B91A6} = {122ECD58-EB10-4EE2-9905-49150125057D}
		{5FF44D01-6977-4E70-A4B4-A892A5BFDB38} = {122ECD58-EB10-4EE2-9905-49150125057D}
		{6F84D3AE-C342-49B1-91D3-81E18BA2AA44} = {122ECD58-EB10-4EE2-9905-49150125057D}
		{834E2D77-201B-4502-9DF8-B955147B2594} = {890F1A5F-00A3-4954-8E1C-803EFCE19D47}
		{00076BB5-011F-45F3-A4FA-2A42EE8B41A8} = {890F1A5F-00A3-4954-8E1C-803EFCE19D47}
		{3FE08DAC-0664-4FC6-8995-F00E531F661D} = {890F1A5F-00A3-4954-8E1C-803EFCE19D47}
		{5D6EEEF0-20AB-41AD-B017-85CF2710DD97} = {890F1A5F-00A3-4954-8E1C-803EFCE19D47}
		{9411D348-3E4A-420E-879C-969217B23CFB} = {890F1A5F-00A3-4954-8E1C-803EFCE19D47}
		{E4317296-8E74-463B-BD42-149A2967AB32} = {F4C5E262-29D8-4B0D-8C89-E186AE5304CC}
		{5A83C64D-2F10-478B-8D51-6DC02CB7438B} = {E4317296-8E74-463B-BD42-149A2967AB32}
		{5B1D1CAC-6858-434D-B1C9-4C2A63B9246E} = {E4317296-8E74-463B-BD42-149A2967AB32}
		{118B1CDC-B52C-4112-83DB-BB5D863F9C7A} = {E4317296-8E74-463B-BD42-149A2967AB32}
		{68559004-4A74-4190-B801-4EB89F03958B} = {E4317296-8E74-463B-BD42-149A2967AB32}
		{CF1B5598-14F3-4E6A-B9C9-0043F53796DF} = {E4317296-8E74-463B-BD42-149A2967AB32}
		{03228151-8CA5-47D5-9E50-3D3AD8574B80} = {22A3CD70-2CF6-4422-8B67-66770BD875EB}
		{FDF477DA-E410-4B34-92C2-4CBC77350DB2} = {F4C5E262-29D8-4B0D-8C89-E186AE5304CC}
		{A0E8C780-86F1-4046-93FB-FC6FA47B3767} = {FDF477DA-E410-4B34-92C2-4CBC77350DB2}
		{6E3D5767-5B37-47F4-9A13-167D932B4542} = {FDF477DA-E410-4B34-92C2-4CBC77350DB2}
		{B5A1A80C-8B8E-424C-8D88-28C4FD43DFBD} = {FDF477DA-E410-4B34-92C2-4CBC77350DB2}
		{D2555A72-71AD-436E-AA40-FF6257646B4A} = {FDF477DA-E410-4B34-92C2-4CBC77350DB2}
		{0C742E17-3A4A-4A06-B18F-5135D0A256E1} = {FDF477DA-E410-4B34-92C2-4CBC77350DB2}
		{7DF6DB73-1CAD-4C1B-88A9-59A0A8B9F7D8} = {F4C5E262-29D8-4B0D-8C89-E186AE5304CC}
		{929547BE-CC84-4715-9CDB-D957F7B344AA} = {7DF6DB73-1CAD-4C1B-88A9-59A0A8B9F7D8}
		{0E49FBDC-B675-48EC-B532-AF74229978CF} = {7DF6DB73-1CAD-4C1B-88A9-59A0A8B9F7D8}
		{E6F79E46-45C3-41F2-8A05-8A30274DB97C} = {7DF6DB73-1CAD-4C1B-88A9-59A0A8B9F7D8}
		{A032B1B2-C239-447E-96E7-06E91C4663DE} = {7DF6DB73-1CAD-4C1B-88A9-59A0A8B9F7D8}
		{2095E219-11C6-4DBE-87CC-0EE4F752EF3C} = {122ECD58-EB10-4EE2-9905-49150125057D}
	EndGlobalSection
	GlobalSection(ExtensibilityGlobals) = postSolution
		SolutionGuid = {CAC376A5-2EE0-4F9A-96AF-5712A95CE154}
	EndGlobalSection
EndGlobal
